{
  "lockfile_version": "1",
  "packages": {
    "github:NixOS/nixpkgs/nixpkgs-unstable": {
      "resolved": "github:NixOS/nixpkgs/cdc68935eba9f86d155585fdf6f17af6824f38ac?lastModified=1749523198&narHash=sha256-How2kQw0psKmCdXgojc95Sf3K5maHB3qfINxTZFCAPM%3D"
    },
    "go@latest": {
      "last_modified": "2025-05-16T20:19:48Z",
      "resolved": "github:NixOS/nixpkgs/12a55407652e04dcf2309436eb06fef0d3713ef3#go",
      "source": "devbox-search",
      "version": "1.24.3",
      "systems": {
        "aarch64-darwin": {
          "outputs": [
            {
              "name": "out",
              "path": "/nix/store/ps3admpzmc1ryvn9q7sw5xfd94dkrb3f-go-1.24.3",
              "default": true
            }
          ],
          "store_path": "/nix/store/ps3admpzmc1ryvn9q7sw5xfd94dkrb3f-go-1.24.3"
        },
        "aarch64-linux": {
          "outputs": [
            {
              "name": "out",
              "path": "/nix/store/45bnqhyyq40p91k3cjw0farx3hn1swx6-go-1.24.3",
              "default": true
            }
          ],
          "store_path": "/nix/store/45bnqhyyq40p91k3cjw0farx3hn1swx6-go-1.24.3"
        },
        "x86_64-darwin": {
          "outputs": [
            {
              "name": "out",
              "path": "/nix/store/9z2kb6hxij7pqi0fgcn9ijhpb7ajpazs-go-1.24.3",
              "default": true
            }
          ],
          "store_path": "/nix/store/9z2kb6hxij7pqi0fgcn9ijhpb7ajpazs-go-1.24.3"
        },
        "x86_64-linux": {
          "outputs": [
            {
              "name": "out",
              "path": "/nix/store/5xvi25nqmbrg58aixp4zgczilfnp7pwg-go-1.24.3",
              "default": true
            }
          ],
          "store_path": "/nix/store/5xvi25nqmbrg58aixp4zgczilfnp7pwg-go-1.24.3"
        }
      }
    },
    "goreleaser@latest": {
      "last_modified": "2025-05-16T20:19:48Z",
      "resolved": "github:NixOS/nixpkgs/12a55407652e04dcf2309436eb06fef0d3713ef3#goreleaser",
      "source": "devbox-search",
      "version": "2.9.0",
      "systems": {
        "aarch64-darwin": {
          "outputs": [
            {
              "name": "out",
              "path": "/nix/store/lqihz0f2h9zjqlhk74cayb9l74zgkxj2-goreleaser-2.9.0",
              "default": true
            }
          ],
          "store_path": "/nix/store/lqihz0f2h9zjqlhk74cayb9l74zgkxj2-goreleaser-2.9.0"
        },
        "aarch64-linux": {
          "outputs": [
            {
              "name": "out",
              "path": "/nix/store/wg1ndxx3hq7lcxg0nkzgs3myrflr5jm0-goreleaser-2.9.0",
              "default": true
            }
          ],
          "store_path": "/nix/store/wg1ndxx3hq7lcxg0nkzgs3myrflr5jm0-goreleaser-2.9.0"
        },
        "x86_64-darwin": {
          "outputs": [
            {
              "name": "out",
              "path": "/nix/store/v17lq7ap19pajdhp04n4b7p4y5f2mxrr-goreleaser-2.9.0",
              "default": true
            }
          ],
          "store_path": "/nix/store/v17lq7ap19pajdhp04n4b7p4y5f2mxrr-goreleaser-2.9.0"
        },
        "x86_64-linux": {
          "outputs": [
            {
              "name": "out",
              "path": "/nix/store/rvjwgy6zz5qwipcm709jvf3j38r552nw-goreleaser-2.9.0",
              "default": true
            }
          ],
          "store_path": "/nix/store/rvjwgy6zz5qwipcm709jvf3j38r552nw-goreleaser-2.9.0"
        }
      }
    }
  }
}
